{
  "name": "cai-michael.github.io",
  "lockfileVersion": 3,
  "requires": true,
  "packages": {
    "": {
      "dependencies": {
        "@fontsource/atkinson-hyperlegible": "^4.5.11"
      },
      "devDependencies": {
        "tslib": "^2.5.0"
      }
    },
    "node_modules/@fontsource/atkinson-hyperlegible": {
      "version": "4.5.11",
      "resolved": "https://registry.npmjs.org/@fontsource/atkinson-hyperlegible/-/atkinson-hyperlegible-4.5.11.tgz",
      "integrity": "sha512-ounnhVVjseNci+G0dGPBwUY7RYM2h8FsfyhzvpUnQYKeiuUcRtGahCswnrKPrvSXNRCl1uqnRSxP3ahJ4miYIQ=="
    },
    "node_modules/tslib": {
      "version": "2.5.0",
      "resolved": "https://registry.npmjs.org/tslib/-/tslib-2.5.0.tgz",
      "integrity": "sha512-336iVw3rtn2BUK7ORdIAHTyxHGRIHVReokCR3XjbckJMK7ms8FysBfhLR8IXnAgy7T0PTPNBWKiH514FOW/WSg==",
      "dev": true
    }
  }
}
